
Microsoft Visual Studio Solution File, Format Version 12.00
# Visual Studio Version 16
Project("{8BC9CEB8-8B4A-11D0-8D11-00A0C91BC942}") = "Dee_Editor", "Dee_Editor\Dee_Editor.vcxproj", "{999FABAC-8557-EDF9-EE5E-C655DA3588EA}"
EndProject
Project("{8BC9CEB8-8B4A-11D0-8D11-00A0C91BC942}") = "DeeDeeEngine", "DeeDeeEngine\DeeDeeEngine.vcxproj", "{3713BCBD-2376-4B62-CCFB-8318B83D17E5}"
EndProject
Project("{8BC9CEB8-8B4A-11D0-8D11-00A0C91BC942}") = "GLAD", "DeeDeeEngine\vendor\GLAD\GLAD.vcxproj", "{5D4A857C-4981-860D-F26D-6C10DE83020F}"
EndProject
Project("{8BC9CEB8-8B4A-11D0-8D11-00A0C91BC942}") = "GLFW", "DeeDeeEngine\vendor\GLFW\GLFW.vcxproj", "{154B857C-0182-860D-AA6E-6C109684020F}"
EndProject
Project("{8BC9CEB8-8B4A-11D0-8D11-00A0C91BC942}") = "ImGui", "DeeDeeEngine\vendor\ImGui\ImGui.vcxproj", "{C0FF640D-2C14-8DBE-F595-301E616989EF}"
EndProject
Project("{8BC9CEB8-8B4A-11D0-8D11-00A0C91BC942}") = "Sandbox", "Sandbox\Sandbox.vcxproj", "{F4C124E3-60A1-A37E-69B9-2E55D5170AE0}"
EndProject
Global
	GlobalSection(SolutionConfigurationPlatforms) = preSolution
		Debug|x64 = Debug|x64
		Dist|x64 = Dist|x64
		Release|x64 = Release|x64
	EndGlobalSection
	GlobalSection(ProjectConfigurationPlatforms) = postSolution
		{999FABAC-8557-EDF9-EE5E-C655DA3588EA}.Debug|x64.ActiveCfg = Debug|x64
		{999FABAC-8557-EDF9-EE5E-C655DA3588EA}.Debug|x64.Build.0 = Debug|x64
		{999FABAC-8557-EDF9-EE5E-C655DA3588EA}.Dist|x64.ActiveCfg = Dist|x64
		{999FABAC-8557-EDF9-EE5E-C655DA3588EA}.Dist|x64.Build.0 = Dist|x64
		{999FABAC-8557-EDF9-EE5E-C655DA3588EA}.Release|x64.ActiveCfg = Release|x64
		{999FABAC-8557-EDF9-EE5E-C655DA3588EA}.Release|x64.Build.0 = Release|x64
		{3713BCBD-2376-4B62-CCFB-8318B83D17E5}.Debug|x64.ActiveCfg = Debug|x64
		{3713BCBD-2376-4B62-CCFB-8318B83D17E5}.Debug|x64.Build.0 = Debug|x64
		{3713BCBD-2376-4B62-CCFB-8318B83D17E5}.Dist|x64.ActiveCfg = Dist|x64
		{3713BCBD-2376-4B62-CCFB-8318B83D17E5}.Dist|x64.Build.0 = Dist|x64
		{3713BCBD-2376-4B62-CCFB-8318B83D17E5}.Release|x64.ActiveCfg = Release|x64
		{3713BCBD-2376-4B62-CCFB-8318B83D17E5}.Release|x64.Build.0 = Release|x64
		{5D4A857C-4981-860D-F26D-6C10DE83020F}.Debug|x64.ActiveCfg = Debug|x64
		{5D4A857C-4981-860D-F26D-6C10DE83020F}.Debug|x64.Build.0 = Debug|x64
		{5D4A857C-4981-860D-F26D-6C10DE83020F}.Dist|x64.ActiveCfg = Dist|x64
		{5D4A857C-4981-860D-F26D-6C10DE83020F}.Dist|x64.Build.0 = Dist|x64
		{5D4A857C-4981-860D-F26D-6C10DE83020F}.Release|x64.ActiveCfg = Release|x64
		{5D4A857C-4981-860D-F26D-6C10DE83020F}.Release|x64.Build.0 = Release|x64
		{154B857C-0182-860D-AA6E-6C109684020F}.Debug|x64.ActiveCfg = Debug|x64
		{154B857C-0182-860D-AA6E-6C109684020F}.Debug|x64.Build.0 = Debug|x64
		{154B857C-0182-860D-AA6E-6C109684020F}.Dist|x64.ActiveCfg = Dist|x64
		{154B857C-0182-860D-AA6E-6C109684020F}.Dist|x64.Build.0 = Dist|x64
		{154B857C-0182-860D-AA6E-6C109684020F}.Release|x64.ActiveCfg = Release|x64
		{154B857C-0182-860D-AA6E-6C109684020F}.Release|x64.Build.0 = Release|x64
		{C0FF640D-2C14-8DBE-F595-301E616989EF}.Debug|x64.ActiveCfg = Debug|x64
		{C0FF640D-2C14-8DBE-F595-301E616989EF}.Debug|x64.Build.0 = Debug|x64
		{C0FF640D-2C14-8DBE-F595-301E616989EF}.Dist|x64.ActiveCfg = Dist|x64
		{C0FF640D-2C14-8DBE-F595-301E616989EF}.Dist|x64.Build.0 = Dist|x64
		{C0FF640D-2C14-8DBE-F595-301E616989EF}.Release|x64.ActiveCfg = Release|x64
		{C0FF640D-2C14-8DBE-F595-301E616989EF}.Release|x64.Build.0 = Release|x64
		{F4C124E3-60A1-A37E-69B9-2E55D5170AE0}.Debug|x64.ActiveCfg = Debug|x64
		{F4C124E3-60A1-A37E-69B9-2E55D5170AE0}.Debug|x64.Build.0 = Debug|x64
		{F4C124E3-60A1-A37E-69B9-2E55D5170AE0}.Dist|x64.ActiveCfg = Dist|x64
		{F4C124E3-60A1-A37E-69B9-2E55D5170AE0}.Dist|x64.Build.0 = Dist|x64
		{F4C124E3-60A1-A37E-69B9-2E55D5170AE0}.Release|x64.ActiveCfg = Release|x64
		{F4C124E3-60A1-A37E-69B9-2E55D5170AE0}.Release|x64.Build.0 = Release|x64
	EndGlobalSection
	GlobalSection(SolutionProperties) = preSolution
		HideSolutionNode = FALSE
	EndGlobalSection
EndGlobal
