<?xml version="1.0" encoding="utf-8"?>
<Project ToolsVersion="4.0" xmlns="http://schemas.microsoft.com/developer/msbuild/2003">
  <ItemGroup>
    <Filter Include="DeeDeeEngine">
      <UniqueIdentifier>{3713BCBD-2376-4B62-CCFB-8318B83D17E5}</UniqueIdentifier>
    </Filter>
    <Filter Include="DeeDeeEngine\Events">
      <UniqueIdentifier>{3B1BA3E2-A77C-80F0-30EA-C6A29C4AB7AF}</UniqueIdentifier>
    </Filter>
    <Filter Include="Platform">
      <UniqueIdentifier>{2AC788B4-1694-E3BF-3FAD-D1672BD9184E}</UniqueIdentifier>
    </Filter>
    <Filter Include="Platform\Windows">
      <UniqueIdentifier>{64FBD71A-50F4-F66C-7926-DCF1657ED678}</UniqueIdentifier>
    </Filter>
  </ItemGroup>
  <ItemGroup>
    <ClInclude Include="src\Dee.h" />
    <ClInclude Include="src\DeeDeeEngine\Application.h">
      <Filter>DeeDeeEngine</Filter>
    </ClInclude>
    <ClInclude Include="src\DeeDeeEngine\Core.h">
      <Filter>DeeDeeEngine</Filter>
    </ClInclude>
    <ClInclude Include="src\DeeDeeEngine\EntryPoint.h">
      <Filter>DeeDeeEngine</Filter>
    </ClInclude>
    <ClInclude Include="src\DeeDeeEngine\Events\ApplicationEvent.h">
      <Filter>DeeDeeEngine\Events</Filter>
    </ClInclude>
    <ClInclude Include="src\DeeDeeEngine\Events\Event.h">
      <Filter>DeeDeeEngine\Events</Filter>
    </ClInclude>
    <ClInclude Include="src\DeeDeeEngine\Events\KeyEvent.h">
      <Filter>DeeDeeEngine\Events</Filter>
    </ClInclude>
    <ClInclude Include="src\DeeDeeEngine\Events\MouseEvent.h">
      <Filter>DeeDeeEngine\Events</Filter>
    </ClInclude>
    <ClInclude Include="src\DeeDeeEngine\Layer.h">
      <Filter>DeeDeeEngine</Filter>
    </ClInclude>
    <ClInclude Include="src\DeeDeeEngine\LayerStack.h">
      <Filter>DeeDeeEngine</Filter>
    </ClInclude>
    <ClInclude Include="src\DeeDeeEngine\Log.h">
      <Filter>DeeDeeEngine</Filter>
    </ClInclude>
    <ClInclude Include="src\DeeDeeEngine\Window.h">
      <Filter>DeeDeeEngine</Filter>
    </ClInclude>
    <ClInclude Include="src\Platform\Windows\WindowsWindow.h">
      <Filter>Platform\Windows</Filter>
    </ClInclude>
    <ClInclude Include="src\deepch.h" />
  </ItemGroup>
  <ItemGroup>
    <ClCompile Include="src\DeeDeeEngine\Application.cpp">
      <Filter>DeeDeeEngine</Filter>
    </ClCompile>
    <ClCompile Include="src\DeeDeeEngine\Layer.cpp">
      <Filter>DeeDeeEngine</Filter>
    </ClCompile>
    <ClCompile Include="src\DeeDeeEngine\LayerStack.cpp">
      <Filter>DeeDeeEngine</Filter>
    </ClCompile>
    <ClCompile Include="src\DeeDeeEngine\Log.cpp">
      <Filter>DeeDeeEngine</Filter>
    </ClCompile>
    <ClCompile Include="src\Platform\Windows\WindowsWindow.cpp">
      <Filter>Platform\Windows</Filter>
    </ClCompile>
    <ClCompile Include="src\deepch.cpp" />
  </ItemGroup>
</Project>